{
  "$schema": "https://skills.mifune.dev/schema/skills-lock.v1.json",
  "version": "1",
  "scope": "project",
  "client": "claude",
  "generated_by": "git-sync/manual",
  "generated_at": "2026-05-22T00:00:00Z",
  "skills": {
    "retro": {
      "source": "github:mifunedev/skills",
      "registry_version": "in-tree",
      "skill_version": "0.1.0",
      "commit": "pending-upstream",
      "installed_paths": [
        ".agro/skills/retro"
      ],
      "note": "In-tree fork of upstream mifunedev/skills `reflect`, rewritten as `/retro`; diverged from registry so checksum dropped and commit marked pending-upstream."
    },
    "agent-browser": {
      "source": "github:mifunedev/skills",
      "registry_version": "2026.5.17",
      "skill_version": "0.1.0",
      "commit": "c559c100177b3b2edc5d1c29cc3741ce48342e51",
      "checksum": "sha256:78608b3bf75e85cbe3043c57cdbfd025d458f2cca605c6fafbfd0404e8653dee",
      "installed_paths": [
        ".agro/skills/agent-browser"
      ]
    },
    "ci-status": {
      "source": "github:mifunedev/skills",
      "registry_version": "2026.5.17",
      "skill_version": "0.1.0",
      "commit": "c559c100177b3b2edc5d1c29cc3741ce48342e51",
      "checksum": "sha256:775f79f521cca6455bfb14716962d168f0daa42649c8d09b78f61db36775691a",
      "installed_paths": [
        ".agro/skills/ci-status"
      ]
    },
    "delegate": {
      "source": "github:mifunedev/skills",
      "registry_version": "2026.5.17",
      "skill_version": "0.1.0",
      "commit": "c559c100177b3b2edc5d1c29cc3741ce48342e51",
      "checksum": "sha256:c69144a47afb43b4df9e726b7e8c0fc7f6458c4b4654a380f24d3ef6d682f03f",
      "installed_paths": [
        ".agro/skills/delegate"
      ]
    },
    "harness-context": {
      "source": "github:mifunedev/skills",
      "registry_version": "2026.5.17",
      "skill_version": "0.1.0",
      "commit": "c559c100177b3b2edc5d1c29cc3741ce48342e51",
      "checksum": "sha256:fce344dc3fa6052fa650e13405d610eb519472f611054596eda46ac98e56cc4a",
      "installed_paths": [
        ".agro/skills/harness-context"
      ]
    },
    "interview": {
      "source": "github:mifunedev/skills",
      "registry_version": "2026.5.17",
      "skill_version": "0.1.0",
      "commit": "c559c100177b3b2edc5d1c29cc3741ce48342e51",
      "checksum": "sha256:b3e563d025d0c3f27edf5ca3c0d4b955399ff71fc303461f000ca92fc9b361bd",
      "installed_paths": [
        ".agro/skills/interview"
      ]
    },
    "post-bridge": {
      "source": "github:mifunedev/skills",
      "registry_version": "2026.5.17",
      "skill_version": "0.1.0",
      "commit": "c559c100177b3b2edc5d1c29cc3741ce48342e51",
      "checksum": "sha256:b6ce466ea638fbdb03d6f66bff44c5f90c22f86fed4ff0bfe84d0219e1d39eda",
      "installed_paths": [
        ".agro/skills/post-bridge"
      ]
    },
    "prd": {
      "source": "github:mifunedev/skills",
      "registry_version": "2026.5.17",
      "skill_version": "0.1.0",
      "commit": "c559c100177b3b2edc5d1c29cc3741ce48342e51",
      "checksum": "sha256:72a5877e59b76abaf28443f3034c360842768562c6a1e0e6dcb5f92944b102c8",
      "installed_paths": [
        ".agro/skills/prd"
      ]
    },
    "ralph": {
      "source": "github:mifunedev/skills",
      "registry_version": "2026.5.17",
      "skill_version": "0.1.0",
      "commit": "c559c100177b3b2edc5d1c29cc3741ce48342e51",
      "checksum": "sha256:cfba2c8fc999e082d48d637d78d7425482cd726da5026198e53b3b89ca0f5256",
      "installed_paths": [
        ".agro/skills/ralph"
      ]
    },
    "release": {
      "source": "github:mifunedev/skills",
      "registry_version": "2026.5.17",
      "skill_version": "0.1.0",
      "commit": "c559c100177b3b2edc5d1c29cc3741ce48342e51",
      "checksum": "sha256:57ffd3a2bfb2fa3bb53e086e8e7951bc4f6fe95b071179740bd10dfcb16c6e64",
      "installed_paths": [
        ".agro/skills/release"
      ]
    },
    "render-html": {
      "source": "github:mifunedev/skills",
      "registry_version": "2026.5.17",
      "skill_version": "0.1.0",
      "commit": "c559c100177b3b2edc5d1c29cc3741ce48342e51",
      "checksum": "sha256:e3e709b06cc06f1e9f3203e2520bf90b5352f50fc5aa01ea35e379d42926f17f",
      "installed_paths": [
        ".agro/skills/render-html"
      ]
    },
    "strategic-proposal": {
      "source": "github:mifunedev/skills",
      "registry_version": "2026.5.17",
      "skill_version": "0.1.0",
      "commit": "c559c100177b3b2edc5d1c29cc3741ce48342e51",
      "checksum": "sha256:941f425f4a612e8d36a4d870ddf90f7cb6a8d9aa40efe596111c0eb78ddabe20",
      "installed_paths": [
        ".agro/skills/strategic-proposal"
      ]
    },
    "worktrees": {
      "source": "github:mifunedev/skills",
      "registry_version": "2026.5.17",
      "skill_version": "0.1.0",
      "commit": "c559c100177b3b2edc5d1c29cc3741ce48342e51",
      "checksum": "sha256:ca2ce1bb4da6acc956f69181788faa3444487da0485156929f82d1754725d9b8",
      "installed_paths": [
        ".agro/skills/worktrees"
      ]
    },
    "audit": {
      "source": "consolidated:github:mifunedev/skills",
      "registry_version": "2026.7.17",
      "skill_version": "1.0.0",
      "commit": "local-consolidation-645",
      "checksum": "generated-at-release",
      "installed_paths": [
        ".agro/skills/audit"
      ],
      "note": "Consolidates implementation, PR, harness, context, skill, eval-quality, drift and campaign audits. Migrated LICENSE provenance from context-audit, harness-audit, pr-audit and skill-lint (MIT at time of consolidation, now Apache-2.0)."
    }
  }
}
